
Microsoft Visual Studio Solution File, Format Version 12.00
# Visual Studio Version 17
VisualStudioVersion = 17.7.34221.43
MinimumVisualStudioVersion = 10.0.40219.1
Project("{FAE04EC0-301F-11D3-BF4B-00C04F79EFBC}") = "BackGroundWorker_Test", "BackGroundWorker_Test\BackGroundWorker_Test.csproj", "{D58330D5-1EE0-498B-B874-F1E16188F26B}"
EndProject
Global
	GlobalSection(SolutionConfigurationPlatforms) = preSolution
		Debug|Any CPU = Debug|Any CPU
		Release|Any CPU = Release|Any CPU
	EndGlobalSection
	GlobalSection(ProjectConfigurationPlatforms) = postSolution
		{D58330D5-1EE0-498B-B874-F1E16188F26B}.Debug|Any CPU.ActiveCfg = Debug|Any CPU
		{D58330D5-1EE0-498B-B874-F1E16188F26B}.Debug|Any CPU.Build.0 = Debug|Any CPU
		{D58330D5-1EE0-498B-B874-F1E16188F26B}.Release|Any CPU.ActiveCfg = Release|Any CPU
		{D58330D5-1EE0-498B-B874-F1E16188F26B}.Release|Any CPU.Build.0 = Release|Any CPU
	EndGlobalSection
	GlobalSection(SolutionProperties) = preSolution
		HideSolutionNode = FALSE
	EndGlobalSection
	GlobalSection(ExtensibilityGlobals) = postSolution
		SolutionGuid = {718F43E7-70A4-4953-8C77-E0853397E10E}
	EndGlobalSection
EndGlobal
