
Microsoft Visual Studio Solution File, Format Version 12.00
# Visual Studio Version 17
VisualStudioVersion = 17.7.34031.279
MinimumVisualStudioVersion = 10.0.40219.1
Project("{FAE04EC0-301F-11D3-BF4B-00C04F79EFBC}") = "Form_Application", "Form_Application\Form_Application.csproj", "{EEE01455-EAD8-4C6A-9EE7-9873927C3F81}"
EndProject
Global
	GlobalSection(SolutionConfigurationPlatforms) = preSolution
		Debug|Any CPU = Debug|Any CPU
		Release|Any CPU = Release|Any CPU
	EndGlobalSection
	GlobalSection(ProjectConfigurationPlatforms) = postSolution
		{EEE01455-EAD8-4C6A-9EE7-9873927C3F81}.Debug|Any CPU.ActiveCfg = Debug|Any CPU
		{EEE01455-EAD8-4C6A-9EE7-9873927C3F81}.Debug|Any CPU.Build.0 = Debug|Any CPU
		{EEE01455-EAD8-4C6A-9EE7-9873927C3F81}.Release|Any CPU.ActiveCfg = Release|Any CPU
		{EEE01455-EAD8-4C6A-9EE7-9873927C3F81}.Release|Any CPU.Build.0 = Release|Any CPU
	EndGlobalSection
	GlobalSection(SolutionProperties) = preSolution
		HideSolutionNode = FALSE
	EndGlobalSection
	GlobalSection(ExtensibilityGlobals) = postSolution
		SolutionGuid = {01912339-0750-4EF2-895C-067816505E76}
	EndGlobalSection
EndGlobal
