
Microsoft Visual Studio Solution File, Format Version 12.00
# Visual Studio Version 17
VisualStudioVersion = 17.7.34202.233
MinimumVisualStudioVersion = 10.0.40219.1
Project("{FAE04EC0-301F-11D3-BF4B-00C04F79EFBC}") = "WinFormsApp1", "WinFormsApp1\WinFormsApp1.csproj", "{B6CB4BBB-6DD4-48DE-9585-367914A74907}"
EndProject
Global
	GlobalSection(SolutionConfigurationPlatforms) = preSolution
		Debug|Any CPU = Debug|Any CPU
		Release|Any CPU = Release|Any CPU
	EndGlobalSection
	GlobalSection(ProjectConfigurationPlatforms) = postSolution
		{B6CB4BBB-6DD4-48DE-9585-367914A74907}.Debug|Any CPU.ActiveCfg = Debug|Any CPU
		{B6CB4BBB-6DD4-48DE-9585-367914A74907}.Debug|Any CPU.Build.0 = Debug|Any CPU
		{B6CB4BBB-6DD4-48DE-9585-367914A74907}.Release|Any CPU.ActiveCfg = Release|Any CPU
		{B6CB4BBB-6DD4-48DE-9585-367914A74907}.Release|Any CPU.Build.0 = Release|Any CPU
	EndGlobalSection
	GlobalSection(SolutionProperties) = preSolution
		HideSolutionNode = FALSE
	EndGlobalSection
	GlobalSection(ExtensibilityGlobals) = postSolution
		SolutionGuid = {06828186-BCDA-49A0-9828-6B6179A4A26D}
	EndGlobalSection
EndGlobal
