
Microsoft Visual Studio Solution File, Format Version 12.00
# Visual Studio Version 17
VisualStudioVersion = 17.7.34031.279
MinimumVisualStudioVersion = 10.0.40219.1
Project("{FAE04EC0-301F-11D3-BF4B-00C04F79EFBC}") = "ConsoleApp1", "ConsoleApp1\ConsoleApp1.csproj", "{F26348E1-F9A4-41A3-8F8D-D01F1F683483}"
EndProject
Global
	GlobalSection(SolutionConfigurationPlatforms) = preSolution
		Debug|Any CPU = Debug|Any CPU
		Release|Any CPU = Release|Any CPU
	EndGlobalSection
	GlobalSection(ProjectConfigurationPlatforms) = postSolution
		{F26348E1-F9A4-41A3-8F8D-D01F1F683483}.Debug|Any CPU.ActiveCfg = Debug|Any CPU
		{F26348E1-F9A4-41A3-8F8D-D01F1F683483}.Debug|Any CPU.Build.0 = Debug|Any CPU
		{F26348E1-F9A4-41A3-8F8D-D01F1F683483}.Release|Any CPU.ActiveCfg = Release|Any CPU
		{F26348E1-F9A4-41A3-8F8D-D01F1F683483}.Release|Any CPU.Build.0 = Release|Any CPU
	EndGlobalSection
	GlobalSection(SolutionProperties) = preSolution
		HideSolutionNode = FALSE
	EndGlobalSection
	GlobalSection(ExtensibilityGlobals) = postSolution
		SolutionGuid = {E0F09E36-D735-4CFA-9554-7C8609C0787F}
	EndGlobalSection
EndGlobal
