
Microsoft Visual Studio Solution File, Format Version 12.00
# Visual Studio Version 17
VisualStudioVersion = 17.7.34031.279
MinimumVisualStudioVersion = 10.0.40219.1
Project("{FAE04EC0-301F-11D3-BF4B-00C04F79EFBC}") = "WinFormsApp1", "WinFormsApp1\WinFormsApp1.csproj", "{21C9B1BE-E977-46D4-A2F9-268B263EDDD1}"
EndProject
Global
	GlobalSection(SolutionConfigurationPlatforms) = preSolution
		Debug|Any CPU = Debug|Any CPU
		Release|Any CPU = Release|Any CPU
	EndGlobalSection
	GlobalSection(ProjectConfigurationPlatforms) = postSolution
		{21C9B1BE-E977-46D4-A2F9-268B263EDDD1}.Debug|Any CPU.ActiveCfg = Debug|Any CPU
		{21C9B1BE-E977-46D4-A2F9-268B263EDDD1}.Debug|Any CPU.Build.0 = Debug|Any CPU
		{21C9B1BE-E977-46D4-A2F9-268B263EDDD1}.Release|Any CPU.ActiveCfg = Release|Any CPU
		{21C9B1BE-E977-46D4-A2F9-268B263EDDD1}.Release|Any CPU.Build.0 = Release|Any CPU
	EndGlobalSection
	GlobalSection(SolutionProperties) = preSolution
		HideSolutionNode = FALSE
	EndGlobalSection
	GlobalSection(ExtensibilityGlobals) = postSolution
		SolutionGuid = {14809AB1-7875-4837-A05F-FE31B8043501}
	EndGlobalSection
EndGlobal
