
Microsoft Visual Studio Solution File, Format Version 12.00
# Visual Studio Version 17
VisualStudioVersion = 17.7.34221.43
MinimumVisualStudioVersion = 10.0.40219.1
Project("{FAE04EC0-301F-11D3-BF4B-00C04F79EFBC}") = "BubbleSort", "BubbleSort\BubbleSort.csproj", "{932C9FD1-FCF7-4B0C-970C-2CBED96A85E6}"
EndProject
Global
	GlobalSection(SolutionConfigurationPlatforms) = preSolution
		Debug|Any CPU = Debug|Any CPU
		Release|Any CPU = Release|Any CPU
	EndGlobalSection
	GlobalSection(ProjectConfigurationPlatforms) = postSolution
		{932C9FD1-FCF7-4B0C-970C-2CBED96A85E6}.Debug|Any CPU.ActiveCfg = Debug|Any CPU
		{932C9FD1-FCF7-4B0C-970C-2CBED96A85E6}.Debug|Any CPU.Build.0 = Debug|Any CPU
		{932C9FD1-FCF7-4B0C-970C-2CBED96A85E6}.Release|Any CPU.ActiveCfg = Release|Any CPU
		{932C9FD1-FCF7-4B0C-970C-2CBED96A85E6}.Release|Any CPU.Build.0 = Release|Any CPU
	EndGlobalSection
	GlobalSection(SolutionProperties) = preSolution
		HideSolutionNode = FALSE
	EndGlobalSection
	GlobalSection(ExtensibilityGlobals) = postSolution
		SolutionGuid = {7E1784AF-8D79-488A-A088-99D2AC562398}
	EndGlobalSection
EndGlobal
